
Microsoft Visual Studio Solution File, Format Version 12.00
# Visual Studio 15
VisualStudioVersion = 15.0.27130.0
MinimumVisualStudioVersion = 10.0.40219.1
Project("{FAE04EC0-301F-11D3-BF4B-00C04F79EFBC}") = "Ceramics", "Ceramics\Ceramics.csproj", "{B3CEA1A4-5C7F-4B3E-86D6-D51CB07CCD38}"
EndProject
Project("{FAE04EC0-301F-11D3-BF4B-00C04F79EFBC}") = "Ceramics.Tests", "Ceramics.Tests\Ceramics.Tests.csproj", "{C545B7AB-8723-4B19-A6F2-7DBDFE8D2716}"
EndProject
Global
	GlobalSection(SolutionConfigurationPlatforms) = preSolution
		Debug|Any CPU = Debug|Any CPU
		Release|Any CPU = Release|Any CPU
	EndGlobalSection
	GlobalSection(ProjectConfigurationPlatforms) = postSolution
		{B3CEA1A4-5C7F-4B3E-86D6-D51CB07CCD38}.Debug|Any CPU.ActiveCfg = Debug|Any CPU
		{B3CEA1A4-5C7F-4B3E-86D6-D51CB07CCD38}.Debug|Any CPU.Build.0 = Debug|Any CPU
		{B3CEA1A4-5C7F-4B3E-86D6-D51CB07CCD38}.Release|Any CPU.ActiveCfg = Release|Any CPU
		{B3CEA1A4-5C7F-4B3E-86D6-D51CB07CCD38}.Release|Any CPU.Build.0 = Release|Any CPU
		{C545B7AB-8723-4B19-A6F2-7DBDFE8D2716}.Debug|Any CPU.ActiveCfg = Debug|Any CPU
		{C545B7AB-8723-4B19-A6F2-7DBDFE8D2716}.Debug|Any CPU.Build.0 = Debug|Any CPU
		{C545B7AB-8723-4B19-A6F2-7DBDFE8D2716}.Release|Any CPU.ActiveCfg = Release|Any CPU
		{C545B7AB-8723-4B19-A6F2-7DBDFE8D2716}.Release|Any CPU.Build.0 = Release|Any CPU
	EndGlobalSection
	GlobalSection(SolutionProperties) = preSolution
		HideSolutionNode = FALSE
	EndGlobalSection
	GlobalSection(ExtensibilityGlobals) = postSolution
		SolutionGuid = {46740CB6-1F0D-4657-A950-2AD292392673}
	EndGlobalSection
EndGlobal
